
Microsoft Visual Studio Solution File, Format Version 12.00
# Visual Studio Version 17
VisualStudioVersion = 17.13.35913.81 d17.13
MinimumVisualStudioVersion = 10.0.40219.1
Project("{FAE04EC0-301F-11D3-BF4B-00C04F79EFBC}") = "PayPhoneApiChallenge", "PayPhoneApiChallenge.csproj", "{75EEFBCC-DC04-4663-BDE4-7BED0F832704}"
EndProject
Project("{FAE04EC0-301F-11D3-BF4B-00C04F79EFBC}") = "PayPhoneApiChallenge.Domain", "..\PayPhoneApiChallenge.Domain\PayPhoneApiChallenge.Domain.csproj", "{199769A2-CE44-49E3-A6A2-EA777C51FF48}"
EndProject
Project("{FAE04EC0-301F-11D3-BF4B-00C04F79EFBC}") = "PayPhoneApiChallenge.App", "..\PayPhoneApiChallenge.App\PayPhoneApiChallenge.App.csproj", "{3C5CD8E8-50DA-4656-B65C-5BCDAD38086A}"
EndProject
Project("{FAE04EC0-301F-11D3-BF4B-00C04F79EFBC}") = "PayPhoneApiChallenge.Infra", "..\PayPhoneApiChallenge.Infra\PayPhoneApiChallenge.Infra.csproj", "{A129F4CB-C201-402D-AFCB-3C0AD660AE7F}"
EndProject
Project("{FAE04EC0-301F-11D3-BF4B-00C04F79EFBC}") = "PayPhoneApiChallenge.Test", "..\PayPhoneApiChallenge.Test\PayPhoneApiChallenge.Test.csproj", "{B6EFAC99-47EC-40D2-B3E6-F3AF590A6011}"
EndProject
Project("{2150E333-8FDC-42A3-9474-1A3956D46DE8}") = "Elementos de la solución", "Elementos de la solución", "{D107F4C8-89CC-BEA8-D3D7-CA6B7733353D}"
	ProjectSection(SolutionItems) = preProject
		..\README.md = ..\README.md
		..\PayPhoneApiChallenge.sln = ..\PayPhoneApiChallenge.sln
		..\LICENSE = ..\LICENSE
		..\.gitignore = ..\.gitignore
	EndProjectSection
EndProject
Global
	GlobalSection(SolutionConfigurationPlatforms) = preSolution
		Debug|Any CPU = Debug|Any CPU
		Release|Any CPU = Release|Any CPU
	EndGlobalSection
	GlobalSection(ProjectConfigurationPlatforms) = postSolution
		{75EEFBCC-DC04-4663-BDE4-7BED0F832704}.Debug|Any CPU.ActiveCfg = Debug|Any CPU
		{75EEFBCC-DC04-4663-BDE4-7BED0F832704}.Debug|Any CPU.Build.0 = Debug|Any CPU
		{75EEFBCC-DC04-4663-BDE4-7BED0F832704}.Release|Any CPU.ActiveCfg = Release|Any CPU
		{75EEFBCC-DC04-4663-BDE4-7BED0F832704}.Release|Any CPU.Build.0 = Release|Any CPU
		{199769A2-CE44-49E3-A6A2-EA777C51FF48}.Debug|Any CPU.ActiveCfg = Debug|Any CPU
		{199769A2-CE44-49E3-A6A2-EA777C51FF48}.Debug|Any CPU.Build.0 = Debug|Any CPU
		{199769A2-CE44-49E3-A6A2-EA777C51FF48}.Release|Any CPU.ActiveCfg = Release|Any CPU
		{199769A2-CE44-49E3-A6A2-EA777C51FF48}.Release|Any CPU.Build.0 = Release|Any CPU
		{3C5CD8E8-50DA-4656-B65C-5BCDAD38086A}.Debug|Any CPU.ActiveCfg = Debug|Any CPU
		{3C5CD8E8-50DA-4656-B65C-5BCDAD38086A}.Debug|Any CPU.Build.0 = Debug|Any CPU
		{3C5CD8E8-50DA-4656-B65C-5BCDAD38086A}.Release|Any CPU.ActiveCfg = Release|Any CPU
		{3C5CD8E8-50DA-4656-B65C-5BCDAD38086A}.Release|Any CPU.Build.0 = Release|Any CPU
		{A129F4CB-C201-402D-AFCB-3C0AD660AE7F}.Debug|Any CPU.ActiveCfg = Debug|Any CPU
		{A129F4CB-C201-402D-AFCB-3C0AD660AE7F}.Debug|Any CPU.Build.0 = Debug|Any CPU
		{A129F4CB-C201-402D-AFCB-3C0AD660AE7F}.Release|Any CPU.ActiveCfg = Release|Any CPU
		{A129F4CB-C201-402D-AFCB-3C0AD660AE7F}.Release|Any CPU.Build.0 = Release|Any CPU
		{B6EFAC99-47EC-40D2-B3E6-F3AF590A6011}.Debug|Any CPU.ActiveCfg = Debug|Any CPU
		{B6EFAC99-47EC-40D2-B3E6-F3AF590A6011}.Debug|Any CPU.Build.0 = Debug|Any CPU
		{B6EFAC99-47EC-40D2-B3E6-F3AF590A6011}.Release|Any CPU.ActiveCfg = Release|Any CPU
		{B6EFAC99-47EC-40D2-B3E6-F3AF590A6011}.Release|Any CPU.Build.0 = Release|Any CPU
	EndGlobalSection
	GlobalSection(SolutionProperties) = preSolution
		HideSolutionNode = FALSE
	EndGlobalSection
	GlobalSection(ExtensibilityGlobals) = postSolution
		SolutionGuid = {BD9C891F-EEE7-4632-B3A3-CC9204AC8870}
	EndGlobalSection
EndGlobal
